
Microsoft Visual Studio Solution File, Format Version 10.00
# Visual Studio 2008
Project("{FAE04EC0-301F-11D3-BF4B-00C04F79EFBC}") = "PathList", "PathList\PathList.csproj", "{72100DF5-3F3B-4936-AA3D-8B24E1B71483}"
EndProject
Project("{FAE04EC0-301F-11D3-BF4B-00C04F79EFBC}") = "NRA.Util", "NRA.Util\NRA.Util.csproj", "{E4D166F7-65F0-43FB-AAFC-811689F9BE37}"
EndProject
Project("{FAE04EC0-301F-11D3-BF4B-00C04F79EFBC}") = "SETList", "SETList\SETList.csproj", "{ACCAB485-3A4A-40D4-83A0-DD2673711739}"
EndProject
Project("{FAE04EC0-301F-11D3-BF4B-00C04F79EFBC}") = "XMLReformat", "XMLReformat\XMLReformat.csproj", "{24945E5A-3A93-403F-A981-DD3173813263}"
EndProject
Project("{FAE04EC0-301F-11D3-BF4B-00C04F79EFBC}") = "SFCreate", "SFCreate\SFCreate.csproj", "{6D1DF3E4-F442-4A72-BD1E-60819F516737}"
EndProject
Project("{FAE04EC0-301F-11D3-BF4B-00C04F79EFBC}") = "SFList", "SFList\SFList.csproj", "{F2E8AE2B-C0D8-43A4-9120-13B851E6280E}"
EndProject
Project("{FAE04EC0-301F-11D3-BF4B-00C04F79EFBC}") = "ODBCQueryCmd", "ODBCQueryCmd\ODBCQueryCmd.csproj", "{9BE3E436-4AEB-4900-84F5-51E3FF6D68BE}"
EndProject
Project("{FAE04EC0-301F-11D3-BF4B-00C04F79EFBC}") = "PathEdit", "PathEdit\PathEdit.csproj", "{1F18C7EB-0FF4-4A83-8577-5C11A578B674}"
EndProject
Project("{FAE04EC0-301F-11D3-BF4B-00C04F79EFBC}") = "VideoThumbnailGenerator", "VideoThumbnailGenerator\VideoThumbnailGenerator.csproj", "{5A7D141B-05F3-4300-A686-656195099633}"
EndProject
Project("{FAE04EC0-301F-11D3-BF4B-00C04F79EFBC}") = "TimerCmd", "TimerCmd\TimerCmd.csproj", "{5604E1B5-B515-484F-9C52-3495E2080F93}"
EndProject
Project("{FAE04EC0-301F-11D3-BF4B-00C04F79EFBC}") = "TextViewer", "TextViewer\TextViewer.csproj", "{59387A32-6D88-47B7-A4F0-642B44B321FA}"
EndProject
Project("{FAE04EC0-301F-11D3-BF4B-00C04F79EFBC}") = "ODBCExport", "ODBCExport\ODBCExport.csproj", "{7EDCC7C4-B207-4107-9DC1-786AFD5511F4}"
EndProject
Project("{FAE04EC0-301F-11D3-BF4B-00C04F79EFBC}") = "PauseN", "PauseN\PauseN.csproj", "{9AA2A819-F0FC-4A0B-8C00-8BAD894B0BAF}"
EndProject
Project("{FAE04EC0-301F-11D3-BF4B-00C04F79EFBC}") = "FileFind", "FileFind\FileFind.csproj", "{4E8A486D-5202-4085-AF16-4D1D8EDE0819}"
EndProject
Project("{FAE04EC0-301F-11D3-BF4B-00C04F79EFBC}") = "ODBCConnectionTest", "ODBCConnectionTest\ODBCConnectionTest.csproj", "{784DDB3E-5EC4-4B4B-B80A-8D8027019231}"
EndProject
Project("{FAE04EC0-301F-11D3-BF4B-00C04F79EFBC}") = "PathFind", "PathFind\PathFind.csproj", "{DCD7C522-30A9-4536-B596-15E10CD9B2BD}"
EndProject
Project("{FAE04EC0-301F-11D3-BF4B-00C04F79EFBC}") = "TimerCmdTest", "TimerCmdTest\TimerCmdTest.csproj", "{7E1586A4-AB85-42D2-B127-DDAE80D31566}"
EndProject
Project("{FAE04EC0-301F-11D3-BF4B-00C04F79EFBC}") = "AppLockCmd", "AppLockCmd\AppLockCmd.csproj", "{8A87DF7A-80B3-410B-BF58-11C6286F7F30}"
EndProject
Project("{FAE04EC0-301F-11D3-BF4B-00C04F79EFBC}") = "SimpleWebServer", "SimpleWebServer\SimpleWebServer.csproj", "{5172400C-7841-4C31-89E9-314906E4F055}"
EndProject
Project("{FAE04EC0-301F-11D3-BF4B-00C04F79EFBC}") = "NRATest.Util", "NRATest.Util\NRATest.Util.csproj", "{7D3B25C9-5AE1-4F67-9A7A-BFC6A916AB1F}"
EndProject
Project("{FAE04EC0-301F-11D3-BF4B-00C04F79EFBC}") = "ClipCmd", "ClipCmd\ClipCmd.csproj", "{4644648E-FD7C-4DDD-B9D6-6F760BEC897F}"
EndProject
Global
	GlobalSection(SolutionConfigurationPlatforms) = preSolution
		Debug|Any CPU = Debug|Any CPU
		Release|Any CPU = Release|Any CPU
	EndGlobalSection
	GlobalSection(ProjectConfigurationPlatforms) = postSolution
		{72100DF5-3F3B-4936-AA3D-8B24E1B71483}.Debug|Any CPU.ActiveCfg = Debug|Any CPU
		{72100DF5-3F3B-4936-AA3D-8B24E1B71483}.Debug|Any CPU.Build.0 = Debug|Any CPU
		{72100DF5-3F3B-4936-AA3D-8B24E1B71483}.Release|Any CPU.ActiveCfg = Release|Any CPU
		{72100DF5-3F3B-4936-AA3D-8B24E1B71483}.Release|Any CPU.Build.0 = Release|Any CPU
		{E4D166F7-65F0-43FB-AAFC-811689F9BE37}.Debug|Any CPU.ActiveCfg = Debug|Any CPU
		{E4D166F7-65F0-43FB-AAFC-811689F9BE37}.Debug|Any CPU.Build.0 = Debug|Any CPU
		{E4D166F7-65F0-43FB-AAFC-811689F9BE37}.Release|Any CPU.ActiveCfg = Release|Any CPU
		{E4D166F7-65F0-43FB-AAFC-811689F9BE37}.Release|Any CPU.Build.0 = Release|Any CPU
		{ACCAB485-3A4A-40D4-83A0-DD2673711739}.Debug|Any CPU.ActiveCfg = Debug|Any CPU
		{ACCAB485-3A4A-40D4-83A0-DD2673711739}.Debug|Any CPU.Build.0 = Debug|Any CPU
		{ACCAB485-3A4A-40D4-83A0-DD2673711739}.Release|Any CPU.ActiveCfg = Release|Any CPU
		{ACCAB485-3A4A-40D4-83A0-DD2673711739}.Release|Any CPU.Build.0 = Release|Any CPU
		{24945E5A-3A93-403F-A981-DD3173813263}.Debug|Any CPU.ActiveCfg = Debug|Any CPU
		{24945E5A-3A93-403F-A981-DD3173813263}.Debug|Any CPU.Build.0 = Debug|Any CPU
		{24945E5A-3A93-403F-A981-DD3173813263}.Release|Any CPU.ActiveCfg = Release|Any CPU
		{24945E5A-3A93-403F-A981-DD3173813263}.Release|Any CPU.Build.0 = Release|Any CPU
		{6D1DF3E4-F442-4A72-BD1E-60819F516737}.Debug|Any CPU.ActiveCfg = Debug|Any CPU
		{6D1DF3E4-F442-4A72-BD1E-60819F516737}.Debug|Any CPU.Build.0 = Debug|Any CPU
		{6D1DF3E4-F442-4A72-BD1E-60819F516737}.Release|Any CPU.ActiveCfg = Release|Any CPU
		{6D1DF3E4-F442-4A72-BD1E-60819F516737}.Release|Any CPU.Build.0 = Release|Any CPU
		{F2E8AE2B-C0D8-43A4-9120-13B851E6280E}.Debug|Any CPU.ActiveCfg = Debug|Any CPU
		{F2E8AE2B-C0D8-43A4-9120-13B851E6280E}.Debug|Any CPU.Build.0 = Debug|Any CPU
		{F2E8AE2B-C0D8-43A4-9120-13B851E6280E}.Release|Any CPU.ActiveCfg = Release|Any CPU
		{F2E8AE2B-C0D8-43A4-9120-13B851E6280E}.Release|Any CPU.Build.0 = Release|Any CPU
		{9BE3E436-4AEB-4900-84F5-51E3FF6D68BE}.Debug|Any CPU.ActiveCfg = Debug|Any CPU
		{9BE3E436-4AEB-4900-84F5-51E3FF6D68BE}.Debug|Any CPU.Build.0 = Debug|Any CPU
		{9BE3E436-4AEB-4900-84F5-51E3FF6D68BE}.Release|Any CPU.ActiveCfg = Release|Any CPU
		{9BE3E436-4AEB-4900-84F5-51E3FF6D68BE}.Release|Any CPU.Build.0 = Release|Any CPU
		{1F18C7EB-0FF4-4A83-8577-5C11A578B674}.Debug|Any CPU.ActiveCfg = Debug|Any CPU
		{1F18C7EB-0FF4-4A83-8577-5C11A578B674}.Debug|Any CPU.Build.0 = Debug|Any CPU
		{1F18C7EB-0FF4-4A83-8577-5C11A578B674}.Release|Any CPU.ActiveCfg = Release|Any CPU
		{1F18C7EB-0FF4-4A83-8577-5C11A578B674}.Release|Any CPU.Build.0 = Release|Any CPU
		{5A7D141B-05F3-4300-A686-656195099633}.Debug|Any CPU.ActiveCfg = Debug|Any CPU
		{5A7D141B-05F3-4300-A686-656195099633}.Debug|Any CPU.Build.0 = Debug|Any CPU
		{5A7D141B-05F3-4300-A686-656195099633}.Release|Any CPU.ActiveCfg = Release|Any CPU
		{5A7D141B-05F3-4300-A686-656195099633}.Release|Any CPU.Build.0 = Release|Any CPU
		{5604E1B5-B515-484F-9C52-3495E2080F93}.Debug|Any CPU.ActiveCfg = Debug|Any CPU
		{5604E1B5-B515-484F-9C52-3495E2080F93}.Debug|Any CPU.Build.0 = Debug|Any CPU
		{5604E1B5-B515-484F-9C52-3495E2080F93}.Release|Any CPU.ActiveCfg = Release|Any CPU
		{5604E1B5-B515-484F-9C52-3495E2080F93}.Release|Any CPU.Build.0 = Release|Any CPU
		{59387A32-6D88-47B7-A4F0-642B44B321FA}.Debug|Any CPU.ActiveCfg = Debug|Any CPU
		{59387A32-6D88-47B7-A4F0-642B44B321FA}.Debug|Any CPU.Build.0 = Debug|Any CPU
		{59387A32-6D88-47B7-A4F0-642B44B321FA}.Release|Any CPU.ActiveCfg = Release|Any CPU
		{59387A32-6D88-47B7-A4F0-642B44B321FA}.Release|Any CPU.Build.0 = Release|Any CPU
		{7EDCC7C4-B207-4107-9DC1-786AFD5511F4}.Debug|Any CPU.ActiveCfg = Debug|Any CPU
		{7EDCC7C4-B207-4107-9DC1-786AFD5511F4}.Debug|Any CPU.Build.0 = Debug|Any CPU
		{7EDCC7C4-B207-4107-9DC1-786AFD5511F4}.Release|Any CPU.ActiveCfg = Release|Any CPU
		{7EDCC7C4-B207-4107-9DC1-786AFD5511F4}.Release|Any CPU.Build.0 = Release|Any CPU
		{9AA2A819-F0FC-4A0B-8C00-8BAD894B0BAF}.Debug|Any CPU.ActiveCfg = Debug|Any CPU
		{9AA2A819-F0FC-4A0B-8C00-8BAD894B0BAF}.Debug|Any CPU.Build.0 = Debug|Any CPU
		{9AA2A819-F0FC-4A0B-8C00-8BAD894B0BAF}.Release|Any CPU.ActiveCfg = Release|Any CPU
		{9AA2A819-F0FC-4A0B-8C00-8BAD894B0BAF}.Release|Any CPU.Build.0 = Release|Any CPU
		{4E8A486D-5202-4085-AF16-4D1D8EDE0819}.Debug|Any CPU.ActiveCfg = Debug|Any CPU
		{4E8A486D-5202-4085-AF16-4D1D8EDE0819}.Debug|Any CPU.Build.0 = Debug|Any CPU
		{4E8A486D-5202-4085-AF16-4D1D8EDE0819}.Release|Any CPU.ActiveCfg = Release|Any CPU
		{4E8A486D-5202-4085-AF16-4D1D8EDE0819}.Release|Any CPU.Build.0 = Release|Any CPU
		{784DDB3E-5EC4-4B4B-B80A-8D8027019231}.Debug|Any CPU.ActiveCfg = Debug|Any CPU
		{784DDB3E-5EC4-4B4B-B80A-8D8027019231}.Debug|Any CPU.Build.0 = Debug|Any CPU
		{784DDB3E-5EC4-4B4B-B80A-8D8027019231}.Release|Any CPU.ActiveCfg = Release|Any CPU
		{784DDB3E-5EC4-4B4B-B80A-8D8027019231}.Release|Any CPU.Build.0 = Release|Any CPU
		{DCD7C522-30A9-4536-B596-15E10CD9B2BD}.Debug|Any CPU.ActiveCfg = Debug|Any CPU
		{DCD7C522-30A9-4536-B596-15E10CD9B2BD}.Debug|Any CPU.Build.0 = Debug|Any CPU
		{DCD7C522-30A9-4536-B596-15E10CD9B2BD}.Release|Any CPU.ActiveCfg = Release|Any CPU
		{DCD7C522-30A9-4536-B596-15E10CD9B2BD}.Release|Any CPU.Build.0 = Release|Any CPU
		{7E1586A4-AB85-42D2-B127-DDAE80D31566}.Debug|Any CPU.ActiveCfg = Debug|Any CPU
		{7E1586A4-AB85-42D2-B127-DDAE80D31566}.Debug|Any CPU.Build.0 = Debug|Any CPU
		{7E1586A4-AB85-42D2-B127-DDAE80D31566}.Release|Any CPU.ActiveCfg = Release|Any CPU
		{7E1586A4-AB85-42D2-B127-DDAE80D31566}.Release|Any CPU.Build.0 = Release|Any CPU
		{8A87DF7A-80B3-410B-BF58-11C6286F7F30}.Debug|Any CPU.ActiveCfg = Debug|Any CPU
		{8A87DF7A-80B3-410B-BF58-11C6286F7F30}.Debug|Any CPU.Build.0 = Debug|Any CPU
		{8A87DF7A-80B3-410B-BF58-11C6286F7F30}.Release|Any CPU.ActiveCfg = Release|Any CPU
		{8A87DF7A-80B3-410B-BF58-11C6286F7F30}.Release|Any CPU.Build.0 = Release|Any CPU
		{5172400C-7841-4C31-89E9-314906E4F055}.Debug|Any CPU.ActiveCfg = Debug|Any CPU
		{5172400C-7841-4C31-89E9-314906E4F055}.Debug|Any CPU.Build.0 = Debug|Any CPU
		{5172400C-7841-4C31-89E9-314906E4F055}.Release|Any CPU.ActiveCfg = Release|Any CPU
		{5172400C-7841-4C31-89E9-314906E4F055}.Release|Any CPU.Build.0 = Release|Any CPU
		{7D3B25C9-5AE1-4F67-9A7A-BFC6A916AB1F}.Debug|Any CPU.ActiveCfg = Debug|Any CPU
		{7D3B25C9-5AE1-4F67-9A7A-BFC6A916AB1F}.Debug|Any CPU.Build.0 = Debug|Any CPU
		{7D3B25C9-5AE1-4F67-9A7A-BFC6A916AB1F}.Release|Any CPU.ActiveCfg = Release|Any CPU
		{7D3B25C9-5AE1-4F67-9A7A-BFC6A916AB1F}.Release|Any CPU.Build.0 = Release|Any CPU
		{4644648E-FD7C-4DDD-B9D6-6F760BEC897F}.Debug|Any CPU.ActiveCfg = Debug|Any CPU
		{4644648E-FD7C-4DDD-B9D6-6F760BEC897F}.Debug|Any CPU.Build.0 = Debug|Any CPU
		{4644648E-FD7C-4DDD-B9D6-6F760BEC897F}.Release|Any CPU.ActiveCfg = Release|Any CPU
		{4644648E-FD7C-4DDD-B9D6-6F760BEC897F}.Release|Any CPU.Build.0 = Release|Any CPU
	EndGlobalSection
	GlobalSection(SolutionProperties) = preSolution
		HideSolutionNode = FALSE
	EndGlobalSection
EndGlobal
